
Microsoft Visual Studio Solution File, Format Version 12.00
# Visual Studio Version 17
VisualStudioVersion = 17.3.32922.545
MinimumVisualStudioVersion = 10.0.40219.1
Project("{9A19103F-16F7-4668-BE54-9A1E7A4F7556}") = "RogueKill", "RogueKill.csproj", "{55F51E0E-8F6E-4285-B9AE-BE176D9AE367}"
EndProject
Global
	GlobalSection(SolutionConfigurationPlatforms) = preSolution
		Debug|Any CPU = Debug|Any CPU
		Release|Any CPU = Release|Any CPU
	EndGlobalSection
	GlobalSection(ProjectConfigurationPlatforms) = postSolution
		{55F51E0E-8F6E-4285-B9AE-BE176D9AE367}.Debug|Any CPU.ActiveCfg = Debug|Any CPU
		{55F51E0E-8F6E-4285-B9AE-BE176D9AE367}.Debug|Any CPU.Build.0 = Debug|Any CPU
		{55F51E0E-8F6E-4285-B9AE-BE176D9AE367}.Release|Any CPU.ActiveCfg = Release|Any CPU
		{55F51E0E-8F6E-4285-B9AE-BE176D9AE367}.Release|Any CPU.Build.0 = Release|Any CPU
	EndGlobalSection
	GlobalSection(SolutionProperties) = preSolution
		HideSolutionNode = FALSE
	EndGlobalSection
	GlobalSection(ExtensibilityGlobals) = postSolution
		SolutionGuid = {06AB58D8-4E37-43E0-AC16-3C6606B6B089}
	EndGlobalSection
EndGlobal
